// !$*UTF8*$!
{
	archiveVersion = 1;
	classes = {
	};
	objectVersion = 56;
	objects = {

/* Begin PBXBuildFile section */
		306BD8C82AD2A26000F6751B /* LeagueTeamsCleanNetworking in Frameworks */ = {isa = PBXBuildFile; productRef = 306BD8C72AD2A26000F6751B /* LeagueTeamsCleanNetworking */; };
		306BD8CE2AD2D7B400F6751B /* GetTeamsUseCase.swift in Sources */ = {isa = PBXBuildFile; fileRef = 306BD8CD2AD2D7B400F6751B /* GetTeamsUseCase.swift */; };
		306BD8D42AD2DAFC00F6751B /* GetTeamsUseCaseProtocol.swift in Sources */ = {isa = PBXBuildFile; fileRef = 306BD8D32AD2DAFC00F6751B /* GetTeamsUseCaseProtocol.swift */; };
		306BD8D82AD2DDB400F6751B /* GetLeaguesUseCase.swift in Sources */ = {isa = PBXBuildFile; fileRef = 306BD8D72AD2DDB400F6751B /* GetLeaguesUseCase.swift */; };
		306BD8D92AD2DE1700F6751B /* GetLeaguesUseCaseProtocol.swift in Sources */ = {isa = PBXBuildFile; fileRef = 306BD8D62AD2DD3800F6751B /* GetLeaguesUseCaseProtocol.swift */; };
		306BD8DB2AD2DE1F00F6751B /* GetTeamsUseCaseProtocol.swift in Sources */ = {isa = PBXBuildFile; fileRef = 306BD8D32AD2DAFC00F6751B /* GetTeamsUseCaseProtocol.swift */; };
		306BD8EA2AD2FD7B00F6751B /* League.swift in Sources */ = {isa = PBXBuildFile; fileRef = 308B11122ACF55DB00D450FD /* League.swift */; };
		306BD8EB2AD2FF2D00F6751B /* TeamsRepository.swift in Sources */ = {isa = PBXBuildFile; fileRef = 308B11382ACF57E900D450FD /* TeamsRepository.swift */; };
		306BD8EC2AD2FF3600F6751B /* LeaguesRepository.swift in Sources */ = {isa = PBXBuildFile; fileRef = 308B11392ACF57F400D450FD /* LeaguesRepository.swift */; };
		306BD8ED2AD3004300F6751B /* Team.swift in Sources */ = {isa = PBXBuildFile; fileRef = 308B110F2ACF55D700D450FD /* Team.swift */; };
		306BD8EF2AD303A200F6751B /* TeamsRepositoryMock.swift in Sources */ = {isa = PBXBuildFile; fileRef = 308B11402ACF598D00D450FD /* TeamsRepositoryMock.swift */; };
		306BD8F02AD303E000F6751B /* Team+DTO.swift in Sources */ = {isa = PBXBuildFile; fileRef = 308B110E2ACF55D700D450FD /* Team+DTO.swift */; };
		306BD8F12AD303E300F6751B /* League+DTO.swift in Sources */ = {isa = PBXBuildFile; fileRef = 308B11112ACF55DB00D450FD /* League+DTO.swift */; };
		306BD8F22AD3044100F6751B /* GetTeamsUseCaseMock.swift in Sources */ = {isa = PBXBuildFile; fileRef = 306BD8E12AD2F63000F6751B /* GetTeamsUseCaseMock.swift */; };
		306BD8F32AD3045E00F6751B /* GetTeamsUseCaseTests.swift in Sources */ = {isa = PBXBuildFile; fileRef = 308B11452ACF598D00D450FD /* GetTeamsUseCaseTests.swift */; };
		308B10B22ACF4DF800D450FD /* LeagueTeamsCleanApp.swift in Sources */ = {isa = PBXBuildFile; fileRef = 308B10B12ACF4DF800D450FD /* LeagueTeamsCleanApp.swift */; };
		308B10B62ACF4DF900D450FD /* Assets.xcassets in Resources */ = {isa = PBXBuildFile; fileRef = 308B10B52ACF4DF900D450FD /* Assets.xcassets */; };
		308B10B92ACF4DF900D450FD /* Preview Assets.xcassets in Resources */ = {isa = PBXBuildFile; fileRef = 308B10B82ACF4DF900D450FD /* Preview Assets.xcassets */; };
		308B10F32ACF545A00D450FD /* AppDI.swift in Sources */ = {isa = PBXBuildFile; fileRef = 308B10F22ACF545A00D450FD /* AppDI.swift */; };
		308B11202ACF573200D450FD /* TeamBadgeView.swift in Sources */ = {isa = PBXBuildFile; fileRef = 308B111F2ACF56B700D450FD /* TeamBadgeView.swift */; };
		308B11212ACF573200D450FD /* LeagueListView.swift in Sources */ = {isa = PBXBuildFile; fileRef = 308B11142ACF56B700D450FD /* LeagueListView.swift */; };
		308B11222ACF573200D450FD /* TeamDetailView.swift in Sources */ = {isa = PBXBuildFile; fileRef = 308B11192ACF56B700D450FD /* TeamDetailView.swift */; };
		308B11232ACF573200D450FD /* TeamDetailViewModel.swift in Sources */ = {isa = PBXBuildFile; fileRef = 308B11172ACF56B700D450FD /* TeamDetailViewModel.swift */; };
		308B11242ACF573200D450FD /* TeamsViewModel.swift in Sources */ = {isa = PBXBuildFile; fileRef = 308B111C2ACF56B700D450FD /* TeamsViewModel.swift */; };
		308B11252ACF573200D450FD /* TeamsView.swift in Sources */ = {isa = PBXBuildFile; fileRef = 308B111E2ACF56B700D450FD /* TeamsView.swift */; };
		308B11262ACF574600D450FD /* League+DTO.swift in Sources */ = {isa = PBXBuildFile; fileRef = 308B11112ACF55DB00D450FD /* League+DTO.swift */; };
		308B11272ACF574600D450FD /* Team+DTO.swift in Sources */ = {isa = PBXBuildFile; fileRef = 308B110E2ACF55D700D450FD /* Team+DTO.swift */; };
		308B11282ACF574600D450FD /* League.swift in Sources */ = {isa = PBXBuildFile; fileRef = 308B11122ACF55DB00D450FD /* League.swift */; };
		308B11292ACF574600D450FD /* Team.swift in Sources */ = {isa = PBXBuildFile; fileRef = 308B110F2ACF55D700D450FD /* Team.swift */; };
		308B113A2ACF57FB00D450FD /* LeaguesRepository.swift in Sources */ = {isa = PBXBuildFile; fileRef = 308B11392ACF57F400D450FD /* LeaguesRepository.swift */; };
		308B113B2ACF57FB00D450FD /* TeamsRepository.swift in Sources */ = {isa = PBXBuildFile; fileRef = 308B11382ACF57E900D450FD /* TeamsRepository.swift */; };
		308B114A2ACF599F00D450FD /* RequestManagerTests.swift in Sources */ = {isa = PBXBuildFile; fileRef = 308B11412ACF598D00D450FD /* RequestManagerTests.swift */; };
		308B114B2ACF599F00D450FD /* APIManagerMock.swift in Sources */ = {isa = PBXBuildFile; fileRef = 308B11422ACF598D00D450FD /* APIManagerMock.swift */; };
		308B11552ACF623200D450FD /* all_leagues.php.json in Resources */ = {isa = PBXBuildFile; fileRef = 308B11532ACF600D00D450FD /* all_leagues.php.json */; };
		308B11562ACF623200D450FD /* search_all_teams.php.json in Resources */ = {isa = PBXBuildFile; fileRef = 308B11542ACF60B600D450FD /* search_all_teams.php.json */; };
		308B11572ACF623300D450FD /* all_leagues.php.json in Resources */ = {isa = PBXBuildFile; fileRef = 308B11532ACF600D00D450FD /* all_leagues.php.json */; };
		308B11582ACF623300D450FD /* search_all_teams.php.json in Resources */ = {isa = PBXBuildFile; fileRef = 308B11542ACF60B600D450FD /* search_all_teams.php.json */; };
		308B115C2ACF697600D450FD /* LeagueRepositoryDefault.swift in Sources */ = {isa = PBXBuildFile; fileRef = 308B115B2ACF697600D450FD /* LeagueRepositoryDefault.swift */; };
		308B115E2ACF6B0200D450FD /* TeamsRepositoryDefault.swift in Sources */ = {isa = PBXBuildFile; fileRef = 308B115D2ACF6B0200D450FD /* TeamsRepositoryDefault.swift */; };
/* End PBXBuildFile section */

/* Begin PBXContainerItemProxy section */
		308B10C02ACF4DF900D450FD /* PBXContainerItemProxy */ = {
			isa = PBXContainerItemProxy;
			containerPortal = 308B10A62ACF4DF800D450FD /* Project object */;
			proxyType = 1;
			remoteGlobalIDString = 308B10AD2ACF4DF800D450FD;
			remoteInfo = LeagueTeamsClean;
		};
/* End PBXContainerItemProxy section */

/* Begin PBXFileReference section */
		306BD8C62AD2A1E400F6751B /* LeagueTeamsCleanNetworking */ = {isa = PBXFileReference; lastKnownFileType = wrapper; path = LeagueTeamsCleanNetworking; sourceTree = "<group>"; };
		306BD8CD2AD2D7B400F6751B /* GetTeamsUseCase.swift */ = {isa = PBXFileReference; lastKnownFileType = sourcecode.swift; path = GetTeamsUseCase.swift; sourceTree = "<group>"; };
		306BD8D32AD2DAFC00F6751B /* GetTeamsUseCaseProtocol.swift */ = {isa = PBXFileReference; lastKnownFileType = sourcecode.swift; path = GetTeamsUseCaseProtocol.swift; sourceTree = "<group>"; };
		306BD8D62AD2DD3800F6751B /* GetLeaguesUseCaseProtocol.swift */ = {isa = PBXFileReference; lastKnownFileType = sourcecode.swift; path = GetLeaguesUseCaseProtocol.swift; sourceTree = "<group>"; };
		306BD8D72AD2DDB400F6751B /* GetLeaguesUseCase.swift */ = {isa = PBXFileReference; lastKnownFileType = sourcecode.swift; path = GetLeaguesUseCase.swift; sourceTree = "<group>"; };
		306BD8E12AD2F63000F6751B /* GetTeamsUseCaseMock.swift */ = {isa = PBXFileReference; lastKnownFileType = sourcecode.swift; path = GetTeamsUseCaseMock.swift; sourceTree = "<group>"; };
		308B10AE2ACF4DF800D450FD /* LeagueTeamsClean.app */ = {isa = PBXFileReference; explicitFileType = wrapper.application; includeInIndex = 0; path = LeagueTeamsClean.app; sourceTree = BUILT_PRODUCTS_DIR; };
		308B10B12ACF4DF800D450FD /* LeagueTeamsCleanApp.swift */ = {isa = PBXFileReference; lastKnownFileType = sourcecode.swift; path = LeagueTeamsCleanApp.swift; sourceTree = "<group>"; };
		308B10B52ACF4DF900D450FD /* Assets.xcassets */ = {isa = PBXFileReference; lastKnownFileType = folder.assetcatalog; path = Assets.xcassets; sourceTree = "<group>"; };
		308B10B82ACF4DF900D450FD /* Preview Assets.xcassets */ = {isa = PBXFileReference; lastKnownFileType = folder.assetcatalog; path = "Preview Assets.xcassets"; sourceTree = "<group>"; };
		308B10BA2ACF4DF900D450FD /* LeagueTeamsClean.entitlements */ = {isa = PBXFileReference; lastKnownFileType = text.plist.entitlements; path = LeagueTeamsClean.entitlements; sourceTree = "<group>"; };
		308B10BF2ACF4DF900D450FD /* LeagueTeamsCleanTests.xctest */ = {isa = PBXFileReference; explicitFileType = wrapper.cfbundle; includeInIndex = 0; path = LeagueTeamsCleanTests.xctest; sourceTree = BUILT_PRODUCTS_DIR; };
		308B10F22ACF545A00D450FD /* AppDI.swift */ = {isa = PBXFileReference; lastKnownFileType = sourcecode.swift; path = AppDI.swift; sourceTree = "<group>"; };
		308B110E2ACF55D700D450FD /* Team+DTO.swift */ = {isa = PBXFileReference; lastKnownFileType = sourcecode.swift; path = "Team+DTO.swift"; sourceTree = "<group>"; };
		308B110F2ACF55D700D450FD /* Team.swift */ = {isa = PBXFileReference; lastKnownFileType = sourcecode.swift; path = Team.swift; sourceTree = "<group>"; };
		308B11112ACF55DB00D450FD /* League+DTO.swift */ = {isa = PBXFileReference; lastKnownFileType = sourcecode.swift; path = "League+DTO.swift"; sourceTree = "<group>"; };
		308B11122ACF55DB00D450FD /* League.swift */ = {isa = PBXFileReference; lastKnownFileType = sourcecode.swift; path = League.swift; sourceTree = "<group>"; };
		308B11142ACF56B700D450FD /* LeagueListView.swift */ = {isa = PBXFileReference; lastKnownFileType = sourcecode.swift; path = LeagueListView.swift; sourceTree = "<group>"; };
		308B11172ACF56B700D450FD /* TeamDetailViewModel.swift */ = {isa = PBXFileReference; lastKnownFileType = sourcecode.swift; path = TeamDetailViewModel.swift; sourceTree = "<group>"; };
		308B11192ACF56B700D450FD /* TeamDetailView.swift */ = {isa = PBXFileReference; lastKnownFileType = sourcecode.swift; path = TeamDetailView.swift; sourceTree = "<group>"; };
		308B111C2ACF56B700D450FD /* TeamsViewModel.swift */ = {isa = PBXFileReference; lastKnownFileType = sourcecode.swift; path = TeamsViewModel.swift; sourceTree = "<group>"; };
		308B111E2ACF56B700D450FD /* TeamsView.swift */ = {isa = PBXFileReference; lastKnownFileType = sourcecode.swift; path = TeamsView.swift; sourceTree = "<group>"; };
		308B111F2ACF56B700D450FD /* TeamBadgeView.swift */ = {isa = PBXFileReference; lastKnownFileType = sourcecode.swift; path = TeamBadgeView.swift; sourceTree = "<group>"; };
		308B11382ACF57E900D450FD /* TeamsRepository.swift */ = {isa = PBXFileReference; lastKnownFileType = sourcecode.swift; path = TeamsRepository.swift; sourceTree = "<group>"; };
		308B11392ACF57F400D450FD /* LeaguesRepository.swift */ = {isa = PBXFileReference; lastKnownFileType = sourcecode.swift; path = LeaguesRepository.swift; sourceTree = "<group>"; };
		308B11402ACF598D00D450FD /* TeamsRepositoryMock.swift */ = {isa = PBXFileReference; lastKnownFileType = sourcecode.swift; path = TeamsRepositoryMock.swift; sourceTree = "<group>"; };
		308B11412ACF598D00D450FD /* RequestManagerTests.swift */ = {isa = PBXFileReference; lastKnownFileType = sourcecode.swift; path = RequestManagerTests.swift; sourceTree = "<group>"; };
		308B11422ACF598D00D450FD /* APIManagerMock.swift */ = {isa = PBXFileReference; lastKnownFileType = sourcecode.swift; path = APIManagerMock.swift; sourceTree = "<group>"; };
		308B11452ACF598D00D450FD /* GetTeamsUseCaseTests.swift */ = {isa = PBXFileReference; lastKnownFileType = sourcecode.swift; path = GetTeamsUseCaseTests.swift; sourceTree = "<group>"; };
		308B11532ACF600D00D450FD /* all_leagues.php.json */ = {isa = PBXFileReference; lastKnownFileType = text.json; path = all_leagues.php.json; sourceTree = "<group>"; };
		308B11542ACF60B600D450FD /* search_all_teams.php.json */ = {isa = PBXFileReference; lastKnownFileType = text.json; path = search_all_teams.php.json; sourceTree = "<group>"; };
		308B115B2ACF697600D450FD /* LeagueRepositoryDefault.swift */ = {isa = PBXFileReference; lastKnownFileType = sourcecode.swift; path = LeagueRepositoryDefault.swift; sourceTree = "<group>"; };
		308B115D2ACF6B0200D450FD /* TeamsRepositoryDefault.swift */ = {isa = PBXFileReference; lastKnownFileType = sourcecode.swift; path = TeamsRepositoryDefault.swift; sourceTree = "<group>"; };
		308B115F2ACF6FB600D450FD /* Info.plist */ = {isa = PBXFileReference; lastKnownFileType = text.plist; path = Info.plist; sourceTree = "<group>"; };
/* End PBXFileReference section */

/* Begin PBXFrameworksBuildPhase section */
		308B10AB2ACF4DF800D450FD /* Frameworks */ = {
			isa = PBXFrameworksBuildPhase;
			buildActionMask = 2147483647;
			files = (
				306BD8C82AD2A26000F6751B /* LeagueTeamsCleanNetworking in Frameworks */,
			);
			runOnlyForDeploymentPostprocessing = 0;
		};
		308B10BC2ACF4DF900D450FD /* Frameworks */ = {
			isa = PBXFrameworksBuildPhase;
			buildActionMask = 2147483647;
			files = (
			);
			runOnlyForDeploymentPostprocessing = 0;
		};
/* End PBXFrameworksBuildPhase section */

/* Begin PBXGroup section */
		306BD8CF2AD2D8BE00F6751B /* Leagues */ = {
			isa = PBXGroup;
			children = (
				306BD8D72AD2DDB400F6751B /* GetLeaguesUseCase.swift */,
			);
			path = Leagues;
			sourceTree = "<group>";
		};
		306BD8D02AD2D8C500F6751B /* Teams */ = {
			isa = PBXGroup;
			children = (
				306BD8CD2AD2D7B400F6751B /* GetTeamsUseCase.swift */,
			);
			path = Teams;
			sourceTree = "<group>";
		};
		306BD8D12AD2DAC200F6751B /* Use Cases */ = {
			isa = PBXGroup;
			children = (
				306BD8D52AD2DD2B00F6751B /* Leagues */,
				306BD8D22AD2DAD600F6751B /* Teams */,
			);
			path = "Use Cases";
			sourceTree = "<group>";
		};
		306BD8D22AD2DAD600F6751B /* Teams */ = {
			isa = PBXGroup;
			children = (
				306BD8D32AD2DAFC00F6751B /* GetTeamsUseCaseProtocol.swift */,
			);
			path = Teams;
			sourceTree = "<group>";
		};
		306BD8D52AD2DD2B00F6751B /* Leagues */ = {
			isa = PBXGroup;
			children = (
				306BD8D62AD2DD3800F6751B /* GetLeaguesUseCaseProtocol.swift */,
			);
			path = Leagues;
			sourceTree = "<group>";
		};
		306BD8DE2AD2F61600F6751B /* Mock */ = {
			isa = PBXGroup;
			children = (
				306BD8DF2AD2F61D00F6751B /* Domain */,
			);
			path = Mock;
			sourceTree = "<group>";
		};
		306BD8DF2AD2F61D00F6751B /* Domain */ = {
			isa = PBXGroup;
			children = (
				306BD8E02AD2F62400F6751B /* UseCases */,
			);
			path = Domain;
			sourceTree = "<group>";
		};
		306BD8E02AD2F62400F6751B /* UseCases */ = {
			isa = PBXGroup;
			children = (
				306BD8E12AD2F63000F6751B /* GetTeamsUseCaseMock.swift */,
			);
			path = UseCases;
			sourceTree = "<group>";
		};
		308B10A52ACF4DF800D450FD = {
			isa = PBXGroup;
			children = (
				306BD8C62AD2A1E400F6751B /* LeagueTeamsCleanNetworking */,
				308B10B02ACF4DF800D450FD /* LeagueTeamsClean */,
				308B10C22ACF4DF900D450FD /* LeagueTeamsCleanTests */,
				308B10AF2ACF4DF800D450FD /* Products */,
				30E887592AD02D5D005D6715 /* Frameworks */,
			);
			sourceTree = "<group>";
		};
		308B10AF2ACF4DF800D450FD /* Products */ = {
			isa = PBXGroup;
			children = (
				308B10AE2ACF4DF800D450FD /* LeagueTeamsClean.app */,
				308B10BF2ACF4DF900D450FD /* LeagueTeamsCleanTests.xctest */,
			);
			name = Products;
			sourceTree = "<group>";
		};
		308B10B02ACF4DF800D450FD /* LeagueTeamsClean */ = {
			isa = PBXGroup;
			children = (
				308B115F2ACF6FB600D450FD /* Info.plist */,
				308B10E12ACF4EDE00D450FD /* App */,
				308B10F12ACF543900D450FD /* DI */,
				308B10E02ACF4E7600D450FD /* Configuration */,
				308B10DE2ACF4E4800D450FD /* Data */,
				308B10DD2ACF4E4500D450FD /* Domain */,
				308B10DC2ACF4E4100D450FD /* Presentation */,
				308B10E22ACF4EF300D450FD /* Resources */,
				308B10B72ACF4DF900D450FD /* Preview Content */,
			);
			path = LeagueTeamsClean;
			sourceTree = "<group>";
		};
		308B10B72ACF4DF900D450FD /* Preview Content */ = {
			isa = PBXGroup;
			children = (
				308B11542ACF60B600D450FD /* search_all_teams.php.json */,
				308B11532ACF600D00D450FD /* all_leagues.php.json */,
				308B10B82ACF4DF900D450FD /* Preview Assets.xcassets */,
			);
			path = "Preview Content";
			sourceTree = "<group>";
		};
		308B10C22ACF4DF900D450FD /* LeagueTeamsCleanTests */ = {
			isa = PBXGroup;
			children = (
				306BD8DE2AD2F61600F6751B /* Mock */,
				308B113C2ACF598D00D450FD /* Core */,
			);
			path = LeagueTeamsCleanTests;
			sourceTree = "<group>";
		};
		308B10DC2ACF4E4100D450FD /* Presentation */ = {
			isa = PBXGroup;
			children = (
				308B10EE2ACF53EF00D450FD /* Modules */,
			);
			path = Presentation;
			sourceTree = "<group>";
		};
		308B10DD2ACF4E4500D450FD /* Domain */ = {
			isa = PBXGroup;
			children = (
				308B10EB2ACF528500D450FD /* Mappers */,
				308B10EC2ACF528D00D450FD /* Models */,
				308B10ED2ACF52C300D450FD /* Protocols */,
				30E887582AD02CB2005D6715 /* UseCases */,
			);
			path = Domain;
			sourceTree = "<group>";
		};
		308B10DE2ACF4E4800D450FD /* Data */ = {
			isa = PBXGroup;
			children = (
				308B10E42ACF50B100D450FD /* Repositories */,
			);
			path = Data;
			sourceTree = "<group>";
		};
		308B10E02ACF4E7600D450FD /* Configuration */ = {
			isa = PBXGroup;
			children = (
				308B10BA2ACF4DF900D450FD /* LeagueTeamsClean.entitlements */,
			);
			path = Configuration;
			sourceTree = "<group>";
		};
		308B10E12ACF4EDE00D450FD /* App */ = {
			isa = PBXGroup;
			children = (
				308B10B12ACF4DF800D450FD /* LeagueTeamsCleanApp.swift */,
			);
			path = App;
			sourceTree = "<group>";
		};
		308B10E22ACF4EF300D450FD /* Resources */ = {
			isa = PBXGroup;
			children = (
				308B10B52ACF4DF900D450FD /* Assets.xcassets */,
			);
			path = Resources;
			sourceTree = "<group>";
		};
		308B10E42ACF50B100D450FD /* Repositories */ = {
			isa = PBXGroup;
			children = (
				308B115B2ACF697600D450FD /* LeagueRepositoryDefault.swift */,
				308B115D2ACF6B0200D450FD /* TeamsRepositoryDefault.swift */,
			);
			path = Repositories;
			sourceTree = "<group>";
		};
		308B10EB2ACF528500D450FD /* Mappers */ = {
			isa = PBXGroup;
			children = (
				308B11112ACF55DB00D450FD /* League+DTO.swift */,
				308B110E2ACF55D700D450FD /* Team+DTO.swift */,
			);
			path = Mappers;
			sourceTree = "<group>";
		};
		308B10EC2ACF528D00D450FD /* Models */ = {
			isa = PBXGroup;
			children = (
				308B11122ACF55DB00D450FD /* League.swift */,
				308B110F2ACF55D700D450FD /* Team.swift */,
			);
			path = Models;
			sourceTree = "<group>";
		};
		308B10ED2ACF52C300D450FD /* Protocols */ = {
			isa = PBXGroup;
			children = (
				306BD8D12AD2DAC200F6751B /* Use Cases */,
				308B11392ACF57F400D450FD /* LeaguesRepository.swift */,
				308B11382ACF57E900D450FD /* TeamsRepository.swift */,
			);
			path = Protocols;
			sourceTree = "<group>";
		};
		308B10EE2ACF53EF00D450FD /* Modules */ = {
			isa = PBXGroup;
			children = (
				308B11132ACF56B700D450FD /* Leagues */,
				308B11152ACF56B700D450FD /* TeamDetail */,
				308B111A2ACF56B700D450FD /* Teams */,
			);
			path = Modules;
			sourceTree = "<group>";
		};
		308B10F12ACF543900D450FD /* DI */ = {
			isa = PBXGroup;
			children = (
				308B10F22ACF545A00D450FD /* AppDI.swift */,
			);
			path = DI;
			sourceTree = "<group>";
		};
		308B11132ACF56B700D450FD /* Leagues */ = {
			isa = PBXGroup;
			children = (
				308B11142ACF56B700D450FD /* LeagueListView.swift */,
			);
			path = Leagues;
			sourceTree = "<group>";
		};
		308B11152ACF56B700D450FD /* TeamDetail */ = {
			isa = PBXGroup;
			children = (
				308B11162ACF56B700D450FD /* ViewModel */,
				308B11182ACF56B700D450FD /* Views */,
			);
			path = TeamDetail;
			sourceTree = "<group>";
		};
		308B11162ACF56B700D450FD /* ViewModel */ = {
			isa = PBXGroup;
			children = (
				308B11172ACF56B700D450FD /* TeamDetailViewModel.swift */,
			);
			path = ViewModel;
			sourceTree = "<group>";
		};
		308B11182ACF56B700D450FD /* Views */ = {
			isa = PBXGroup;
			children = (
				308B11192ACF56B700D450FD /* TeamDetailView.swift */,
			);
			path = Views;
			sourceTree = "<group>";
		};
		308B111A2ACF56B700D450FD /* Teams */ = {
			isa = PBXGroup;
			children = (
				308B111B2ACF56B700D450FD /* ViewModels */,
				308B111D2ACF56B700D450FD /* Views */,
			);
			path = Teams;
			sourceTree = "<group>";
		};
		308B111B2ACF56B700D450FD /* ViewModels */ = {
			isa = PBXGroup;
			children = (
				308B111C2ACF56B700D450FD /* TeamsViewModel.swift */,
			);
			path = ViewModels;
			sourceTree = "<group>";
		};
		308B111D2ACF56B700D450FD /* Views */ = {
			isa = PBXGroup;
			children = (
				308B111E2ACF56B700D450FD /* TeamsView.swift */,
				308B111F2ACF56B700D450FD /* TeamBadgeView.swift */,
			);
			path = Views;
			sourceTree = "<group>";
		};
		308B113C2ACF598D00D450FD /* Core */ = {
			isa = PBXGroup;
			children = (
				308B113D2ACF598D00D450FD /* Data */,
				308B11432ACF598D00D450FD /* Domain */,
			);
			path = Core;
			sourceTree = "<group>";
		};
		308B113D2ACF598D00D450FD /* Data */ = {
			isa = PBXGroup;
			children = (
				308B113E2ACF598D00D450FD /* API */,
			);
			path = Data;
			sourceTree = "<group>";
		};
		308B113E2ACF598D00D450FD /* API */ = {
			isa = PBXGroup;
			children = (
				308B113F2ACF598D00D450FD /* Mock */,
			);
			path = API;
			sourceTree = "<group>";
		};
		308B113F2ACF598D00D450FD /* Mock */ = {
			isa = PBXGroup;
			children = (
				308B11402ACF598D00D450FD /* TeamsRepositoryMock.swift */,
				308B11412ACF598D00D450FD /* RequestManagerTests.swift */,
				308B11422ACF598D00D450FD /* APIManagerMock.swift */,
			);
			path = Mock;
			sourceTree = "<group>";
		};
		308B11432ACF598D00D450FD /* Domain */ = {
			isa = PBXGroup;
			children = (
				308B11442ACF598D00D450FD /* Teams */,
			);
			path = Domain;
			sourceTree = "<group>";
		};
		308B11442ACF598D00D450FD /* Teams */ = {
			isa = PBXGroup;
			children = (
				308B11452ACF598D00D450FD /* GetTeamsUseCaseTests.swift */,
			);
			path = Teams;
			sourceTree = "<group>";
		};
		30E887582AD02CB2005D6715 /* UseCases */ = {
			isa = PBXGroup;
			children = (
				306BD8D02AD2D8C500F6751B /* Teams */,
				306BD8CF2AD2D8BE00F6751B /* Leagues */,
			);
			path = UseCases;
			sourceTree = "<group>";
		};
		30E887592AD02D5D005D6715 /* Frameworks */ = {
			isa = PBXGroup;
			children = (
			);
			name = Frameworks;
			sourceTree = "<group>";
		};
/* End PBXGroup section */

/* Begin PBXNativeTarget section */
		308B10AD2ACF4DF800D450FD /* LeagueTeamsClean */ = {
			isa = PBXNativeTarget;
			buildConfigurationList = 308B10D32ACF4DF900D450FD /* Build configuration list for PBXNativeTarget "LeagueTeamsClean" */;
			buildPhases = (
				308B10AA2ACF4DF800D450FD /* Sources */,
				308B10AB2ACF4DF800D450FD /* Frameworks */,
				308B10AC2ACF4DF800D450FD /* Resources */,
			);
			buildRules = (
			);
			dependencies = (
			);
			name = LeagueTeamsClean;
			packageProductDependencies = (
				306BD8C72AD2A26000F6751B /* LeagueTeamsCleanNetworking */,
			);
			productName = LeagueTeamsClean;
			productReference = 308B10AE2ACF4DF800D450FD /* LeagueTeamsClean.app */;
			productType = "com.apple.product-type.application";
		};
		308B10BE2ACF4DF900D450FD /* LeagueTeamsCleanTests */ = {
			isa = PBXNativeTarget;
			buildConfigurationList = 308B10D62ACF4DF900D450FD /* Build configuration list for PBXNativeTarget "LeagueTeamsCleanTests" */;
			buildPhases = (
				308B10BB2ACF4DF900D450FD /* Sources */,
				308B10BC2ACF4DF900D450FD /* Frameworks */,
				308B10BD2ACF4DF900D450FD /* Resources */,
			);
			buildRules = (
			);
			dependencies = (
				308B10C12ACF4DF900D450FD /* PBXTargetDependency */,
			);
			name = LeagueTeamsCleanTests;
			productName = LeagueTeamsCleanTests;
			productReference = 308B10BF2ACF4DF900D450FD /* LeagueTeamsCleanTests.xctest */;
			productType = "com.apple.product-type.bundle.unit-test";
		};
/* End PBXNativeTarget section */

/* Begin PBXProject section */
		308B10A62ACF4DF800D450FD /* Project object */ = {
			isa = PBXProject;
			attributes = {
				BuildIndependentTargetsInParallel = 1;
				LastSwiftUpdateCheck = 1430;
				LastUpgradeCheck = 1430;
				TargetAttributes = {
					308B10AD2ACF4DF800D450FD = {
						CreatedOnToolsVersion = 14.3.1;
					};
					308B10BE2ACF4DF900D450FD = {
						CreatedOnToolsVersion = 14.3.1;
						TestTargetID = 308B10AD2ACF4DF800D450FD;
					};
				};
			};
			buildConfigurationList = 308B10A92ACF4DF800D450FD /* Build configuration list for PBXProject "LeagueTeamsClean" */;
			compatibilityVersion = "Xcode 14.0";
			developmentRegion = en;
			hasScannedForEncodings = 0;
			knownRegions = (
				en,
				Base,
			);
			mainGroup = 308B10A52ACF4DF800D450FD;
			productRefGroup = 308B10AF2ACF4DF800D450FD /* Products */;
			projectDirPath = "";
			projectRoot = "";
			targets = (
				308B10AD2ACF4DF800D450FD /* LeagueTeamsClean */,
				308B10BE2ACF4DF900D450FD /* LeagueTeamsCleanTests */,
			);
		};
/* End PBXProject section */

/* Begin PBXResourcesBuildPhase section */
		308B10AC2ACF4DF800D450FD /* Resources */ = {
			isa = PBXResourcesBuildPhase;
			buildActionMask = 2147483647;
			files = (
				308B11582ACF623300D450FD /* search_all_teams.php.json in Resources */,
				308B10B92ACF4DF900D450FD /* Preview Assets.xcassets in Resources */,
				308B11572ACF623300D450FD /* all_leagues.php.json in Resources */,
				308B10B62ACF4DF900D450FD /* Assets.xcassets in Resources */,
			);
			runOnlyForDeploymentPostprocessing = 0;
		};
		308B10BD2ACF4DF900D450FD /* Resources */ = {
			isa = PBXResourcesBuildPhase;
			buildActionMask = 2147483647;
			files = (
				308B11552ACF623200D450FD /* all_leagues.php.json in Resources */,
				308B11562ACF623200D450FD /* search_all_teams.php.json in Resources */,
			);
			runOnlyForDeploymentPostprocessing = 0;
		};
/* End PBXResourcesBuildPhase section */

/* Begin PBXSourcesBuildPhase section */
		308B10AA2ACF4DF800D450FD /* Sources */ = {
			isa = PBXSourcesBuildPhase;
			buildActionMask = 2147483647;
			files = (
				308B11292ACF574600D450FD /* Team.swift in Sources */,
				308B115E2ACF6B0200D450FD /* TeamsRepositoryDefault.swift in Sources */,
				306BD8D82AD2DDB400F6751B /* GetLeaguesUseCase.swift in Sources */,
				308B10F32ACF545A00D450FD /* AppDI.swift in Sources */,
				308B11242ACF573200D450FD /* TeamsViewModel.swift in Sources */,
				308B11212ACF573200D450FD /* LeagueListView.swift in Sources */,
				308B10B22ACF4DF800D450FD /* LeagueTeamsCleanApp.swift in Sources */,
				306BD8D92AD2DE1700F6751B /* GetLeaguesUseCaseProtocol.swift in Sources */,
				308B11272ACF574600D450FD /* Team+DTO.swift in Sources */,
				308B113B2ACF57FB00D450FD /* TeamsRepository.swift in Sources */,
				308B11262ACF574600D450FD /* League+DTO.swift in Sources */,
				308B11222ACF573200D450FD /* TeamDetailView.swift in Sources */,
				308B11232ACF573200D450FD /* TeamDetailViewModel.swift in Sources */,
				308B11202ACF573200D450FD /* TeamBadgeView.swift in Sources */,
				308B11282ACF574600D450FD /* League.swift in Sources */,
				306BD8D42AD2DAFC00F6751B /* GetTeamsUseCaseProtocol.swift in Sources */,
				308B113A2ACF57FB00D450FD /* LeaguesRepository.swift in Sources */,
				308B115C2ACF697600D450FD /* LeagueRepositoryDefault.swift in Sources */,
				308B11252ACF573200D450FD /* TeamsView.swift in Sources */,
				306BD8CE2AD2D7B400F6751B /* GetTeamsUseCase.swift in Sources */,
			);
			runOnlyForDeploymentPostprocessing = 0;
		};
		308B10BB2ACF4DF900D450FD /* Sources */ = {
			isa = PBXSourcesBuildPhase;
			buildActionMask = 2147483647;
			files = (
				306BD8F02AD303E000F6751B /* Team+DTO.swift in Sources */,
				306BD8EF2AD303A200F6751B /* TeamsRepositoryMock.swift in Sources */,
				306BD8EB2AD2FF2D00F6751B /* TeamsRepository.swift in Sources */,
				306BD8EA2AD2FD7B00F6751B /* League.swift in Sources */,
				306BD8F12AD303E300F6751B /* League+DTO.swift in Sources */,
				308B114B2ACF599F00D450FD /* APIManagerMock.swift in Sources */,
				306BD8F22AD3044100F6751B /* GetTeamsUseCaseMock.swift in Sources */,
				306BD8F32AD3045E00F6751B /* GetTeamsUseCaseTests.swift in Sources */,
				306BD8DB2AD2DE1F00F6751B /* GetTeamsUseCaseProtocol.swift in Sources */,
				306BD8EC2AD2FF3600F6751B /* LeaguesRepository.swift in Sources */,
				306BD8ED2AD3004300F6751B /* Team.swift in Sources */,
				308B114A2ACF599F00D450FD /* RequestManagerTests.swift in Sources */,
			);
			runOnlyForDeploymentPostprocessing = 0;
		};
/* End PBXSourcesBuildPhase section */

/* Begin PBXTargetDependency section */
		308B10C12ACF4DF900D450FD /* PBXTargetDependency */ = {
			isa = PBXTargetDependency;
			target = 308B10AD2ACF4DF800D450FD /* LeagueTeamsClean */;
			targetProxy = 308B10C02ACF4DF900D450FD /* PBXContainerItemProxy */;
		};
/* End PBXTargetDependency section */

/* Begin XCBuildConfiguration section */
		308B10D12ACF4DF900D450FD /* Debug */ = {
			isa = XCBuildConfiguration;
			buildSettings = {
				ALWAYS_SEARCH_USER_PATHS = NO;
				CLANG_ANALYZER_NONNULL = YES;
				CLANG_ANALYZER_NUMBER_OBJECT_CONVERSION = YES_AGGRESSIVE;
				CLANG_CXX_LANGUAGE_STANDARD = "gnu++20";
				CLANG_ENABLE_MODULES = YES;
				CLANG_ENABLE_OBJC_ARC = YES;
				CLANG_ENABLE_OBJC_WEAK = YES;
				CLANG_WARN_BLOCK_CAPTURE_AUTORELEASING = YES;
				CLANG_WARN_BOOL_CONVERSION = YES;
				CLANG_WARN_COMMA = YES;
				CLANG_WARN_CONSTANT_CONVERSION = YES;
				CLANG_WARN_DEPRECATED_OBJC_IMPLEMENTATIONS = YES;
				CLANG_WARN_DIRECT_OBJC_ISA_USAGE = YES_ERROR;
				CLANG_WARN_DOCUMENTATION_COMMENTS = YES;
				CLANG_WARN_EMPTY_BODY = YES;
				CLANG_WARN_ENUM_CONVERSION = YES;
				CLANG_WARN_INFINITE_RECURSION = YES;
				CLANG_WARN_INT_CONVERSION = YES;
				CLANG_WARN_NON_LITERAL_NULL_CONVERSION = YES;
				CLANG_WARN_OBJC_IMPLICIT_RETAIN_SELF = YES;
				CLANG_WARN_OBJC_LITERAL_CONVERSION = YES;
				CLANG_WARN_OBJC_ROOT_CLASS = YES_ERROR;
				CLANG_WARN_QUOTED_INCLUDE_IN_FRAMEWORK_HEADER = YES;
				CLANG_WARN_RANGE_LOOP_ANALYSIS = YES;
				CLANG_WARN_STRICT_PROTOTYPES = YES;
				CLANG_WARN_SUSPICIOUS_MOVE = YES;
				CLANG_WARN_UNGUARDED_AVAILABILITY = YES_AGGRESSIVE;
				CLANG_WARN_UNREACHABLE_CODE = YES;
				CLANG_WARN__DUPLICATE_METHOD_MATCH = YES;
				COPY_PHASE_STRIP = NO;
				DEBUG_INFORMATION_FORMAT = dwarf;
				ENABLE_STRICT_OBJC_MSGSEND = YES;
				ENABLE_TESTABILITY = YES;
				GCC_C_LANGUAGE_STANDARD = gnu11;
				GCC_DYNAMIC_NO_PIC = NO;
				GCC_NO_COMMON_BLOCKS = YES;
				GCC_OPTIMIZATION_LEVEL = 0;
				GCC_PREPROCESSOR_DEFINITIONS = (
					"DEBUG=1",
					"$(inherited)",
				);
				GCC_WARN_64_TO_32_BIT_CONVERSION = YES;
				GCC_WARN_ABOUT_RETURN_TYPE = YES_ERROR;
				GCC_WARN_UNDECLARED_SELECTOR = YES;
				GCC_WARN_UNINITIALIZED_AUTOS = YES_AGGRESSIVE;
				GCC_WARN_UNUSED_FUNCTION = YES;
				GCC_WARN_UNUSED_VARIABLE = YES;
				MACOSX_DEPLOYMENT_TARGET = 13.3;
				MTL_ENABLE_DEBUG_INFO = INCLUDE_SOURCE;
				MTL_FAST_MATH = YES;
				ONLY_ACTIVE_ARCH = YES;
				SDKROOT = macosx;
				SWIFT_ACTIVE_COMPILATION_CONDITIONS = DEBUG;
				SWIFT_OPTIMIZATION_LEVEL = "-Onone";
			};
			name = Debug;
		};
		308B10D22ACF4DF900D450FD /* Release */ = {
			isa = XCBuildConfiguration;
			buildSettings = {
				ALWAYS_SEARCH_USER_PATHS = NO;
				CLANG_ANALYZER_NONNULL = YES;
				CLANG_ANALYZER_NUMBER_OBJECT_CONVERSION = YES_AGGRESSIVE;
				CLANG_CXX_LANGUAGE_STANDARD = "gnu++20";
				CLANG_ENABLE_MODULES = YES;
				CLANG_ENABLE_OBJC_ARC = YES;
				CLANG_ENABLE_OBJC_WEAK = YES;
				CLANG_WARN_BLOCK_CAPTURE_AUTORELEASING = YES;
				CLANG_WARN_BOOL_CONVERSION = YES;
				CLANG_WARN_COMMA = YES;
				CLANG_WARN_CONSTANT_CONVERSION = YES;
				CLANG_WARN_DEPRECATED_OBJC_IMPLEMENTATIONS = YES;
				CLANG_WARN_DIRECT_OBJC_ISA_USAGE = YES_ERROR;
				CLANG_WARN_DOCUMENTATION_COMMENTS = YES;
				CLANG_WARN_EMPTY_BODY = YES;
				CLANG_WARN_ENUM_CONVERSION = YES;
				CLANG_WARN_INFINITE_RECURSION = YES;
				CLANG_WARN_INT_CONVERSION = YES;
				CLANG_WARN_NON_LITERAL_NULL_CONVERSION = YES;
				CLANG_WARN_OBJC_IMPLICIT_RETAIN_SELF = YES;
				CLANG_WARN_OBJC_LITERAL_CONVERSION = YES;
				CLANG_WARN_OBJC_ROOT_CLASS = YES_ERROR;
				CLANG_WARN_QUOTED_INCLUDE_IN_FRAMEWORK_HEADER = YES;
				CLANG_WARN_RANGE_LOOP_ANALYSIS = YES;
				CLANG_WARN_STRICT_PROTOTYPES = YES;
				CLANG_WARN_SUSPICIOUS_MOVE = YES;
				CLANG_WARN_UNGUARDED_AVAILABILITY = YES_AGGRESSIVE;
				CLANG_WARN_UNREACHABLE_CODE = YES;
				CLANG_WARN__DUPLICATE_METHOD_MATCH = YES;
				COPY_PHASE_STRIP = NO;
				DEBUG_INFORMATION_FORMAT = "dwarf-with-dsym";
				ENABLE_NS_ASSERTIONS = NO;
				ENABLE_STRICT_OBJC_MSGSEND = YES;
				GCC_C_LANGUAGE_STANDARD = gnu11;
				GCC_NO_COMMON_BLOCKS = YES;
				GCC_WARN_64_TO_32_BIT_CONVERSION = YES;
				GCC_WARN_ABOUT_RETURN_TYPE = YES_ERROR;
				GCC_WARN_UNDECLARED_SELECTOR = YES;
				GCC_WARN_UNINITIALIZED_AUTOS = YES_AGGRESSIVE;
				GCC_WARN_UNUSED_FUNCTION = YES;
				GCC_WARN_UNUSED_VARIABLE = YES;
				MACOSX_DEPLOYMENT_TARGET = 13.3;
				MTL_ENABLE_DEBUG_INFO = NO;
				MTL_FAST_MATH = YES;
				SDKROOT = macosx;
				SWIFT_COMPILATION_MODE = wholemodule;
				SWIFT_OPTIMIZATION_LEVEL = "-O";
			};
			name = Release;
		};
		308B10D42ACF4DF900D450FD /* Debug */ = {
			isa = XCBuildConfiguration;
			buildSettings = {
				ASSETCATALOG_COMPILER_APPICON_NAME = AppIcon;
				ASSETCATALOG_COMPILER_GLOBAL_ACCENT_COLOR_NAME = AccentColor;
				ASSETCATALOG_COMPILER_INCLUDE_ALL_APPICON_ASSETS = YES;
				CODE_SIGN_ENTITLEMENTS = LeagueTeamsClean/Configuration/LeagueTeamsClean.entitlements;
				CODE_SIGN_STYLE = Automatic;
				COMBINE_HIDPI_IMAGES = YES;
				CURRENT_PROJECT_VERSION = 1;
				DEVELOPMENT_ASSET_PATHS = "\"LeagueTeamsClean/Preview Content\"";
				DEVELOPMENT_TEAM = 7AZ93CK4F6;
				ENABLE_HARDENED_RUNTIME = YES;
				ENABLE_PREVIEWS = YES;
				GENERATE_INFOPLIST_FILE = YES;
				INFOPLIST_FILE = LeagueTeamsClean/Info.plist;
				INFOPLIST_KEY_CFBundleDisplayName = "Leagues And Teams";
				INFOPLIST_KEY_LSApplicationCategoryType = "public.app-category.sports";
				INFOPLIST_KEY_NSHumanReadableCopyright = "";
				INFOPLIST_KEY_UIStatusBarHidden = NO;
				INFOPLIST_KEY_UIStatusBarStyle = "";
				INFOPLIST_KEY_UISupportedInterfaceOrientations = UIInterfaceOrientationPortrait;
				LD_RUNPATH_SEARCH_PATHS = (
					"$(inherited)",
					"@executable_path/../Frameworks",
				);
				MARKETING_VERSION = 1.0;
				PRODUCT_BUNDLE_IDENTIFIER = com.appiwedia.apps.LeagueTeamsClean;
				PRODUCT_NAME = "$(TARGET_NAME)";
				SUPPORTED_PLATFORMS = "iphoneos iphonesimulator";
				SUPPORTS_MACCATALYST = NO;
				SUPPORTS_MAC_DESIGNED_FOR_IPHONE_IPAD = NO;
				SWIFT_EMIT_LOC_STRINGS = YES;
				SWIFT_VERSION = 5.0;
				TARGETED_DEVICE_FAMILY = 1;
			};
			name = Debug;
		};
		308B10D52ACF4DF900D450FD /* Release */ = {
			isa = XCBuildConfiguration;
			buildSettings = {
				ASSETCATALOG_COMPILER_APPICON_NAME = AppIcon;
				ASSETCATALOG_COMPILER_GLOBAL_ACCENT_COLOR_NAME = AccentColor;
				ASSETCATALOG_COMPILER_INCLUDE_ALL_APPICON_ASSETS = YES;
				CODE_SIGN_ENTITLEMENTS = LeagueTeamsClean/Configuration/LeagueTeamsClean.entitlements;
				CODE_SIGN_STYLE = Automatic;
				COMBINE_HIDPI_IMAGES = YES;
				CURRENT_PROJECT_VERSION = 1;
				DEVELOPMENT_ASSET_PATHS = "\"LeagueTeamsClean/Preview Content\"";
				DEVELOPMENT_TEAM = 7AZ93CK4F6;
				ENABLE_HARDENED_RUNTIME = YES;
				ENABLE_PREVIEWS = YES;
				GENERATE_INFOPLIST_FILE = YES;
				INFOPLIST_FILE = LeagueTeamsClean/Info.plist;
				INFOPLIST_KEY_CFBundleDisplayName = "Leagues And Teams";
				INFOPLIST_KEY_LSApplicationCategoryType = "public.app-category.sports";
				INFOPLIST_KEY_NSHumanReadableCopyright = "";
				INFOPLIST_KEY_UIStatusBarHidden = NO;
				INFOPLIST_KEY_UIStatusBarStyle = "";
				INFOPLIST_KEY_UISupportedInterfaceOrientations = UIInterfaceOrientationPortrait;
				LD_RUNPATH_SEARCH_PATHS = (
					"$(inherited)",
					"@executable_path/../Frameworks",
				);
				MARKETING_VERSION = 1.0;
				PRODUCT_BUNDLE_IDENTIFIER = com.appiwedia.apps.LeagueTeamsClean;
				PRODUCT_NAME = "$(TARGET_NAME)";
				SUPPORTED_PLATFORMS = "iphoneos iphonesimulator";
				SUPPORTS_MACCATALYST = NO;
				SUPPORTS_MAC_DESIGNED_FOR_IPHONE_IPAD = NO;
				SWIFT_EMIT_LOC_STRINGS = YES;
				SWIFT_VERSION = 5.0;
				TARGETED_DEVICE_FAMILY = 1;
			};
			name = Release;
		};
		308B10D72ACF4DF900D450FD /* Debug */ = {
			isa = XCBuildConfiguration;
			buildSettings = {
				ALWAYS_EMBED_SWIFT_STANDARD_LIBRARIES = YES;
				BUNDLE_LOADER = "$(TEST_HOST)";
				CODE_SIGN_STYLE = Automatic;
				CURRENT_PROJECT_VERSION = 1;
				DEVELOPMENT_TEAM = 7AZ93CK4F6;
				GENERATE_INFOPLIST_FILE = YES;
				MACOSX_DEPLOYMENT_TARGET = 13.3;
				MARKETING_VERSION = 1.0;
				PRODUCT_BUNDLE_IDENTIFIER = com.appiwedia.apps.LeagueTeamsCleanTests;
				PRODUCT_NAME = "$(TARGET_NAME)";
				SUPPORTED_PLATFORMS = "iphoneos iphonesimulator";
				SUPPORTS_MACCATALYST = NO;
				SUPPORTS_MAC_DESIGNED_FOR_IPHONE_IPAD = NO;
				SWIFT_EMIT_LOC_STRINGS = NO;
				SWIFT_VERSION = 5.0;
				TARGETED_DEVICE_FAMILY = 1;
				TEST_HOST = "$(BUILT_PRODUCTS_DIR)/LeagueTeamsClean.app/$(BUNDLE_EXECUTABLE_FOLDER_PATH)/LeagueTeamsClean";
			};
			name = Debug;
		};
		308B10D82ACF4DF900D450FD /* Release */ = {
			isa = XCBuildConfiguration;
			buildSettings = {
				ALWAYS_EMBED_SWIFT_STANDARD_LIBRARIES = YES;
				BUNDLE_LOADER = "$(TEST_HOST)";
				CODE_SIGN_STYLE = Automatic;
				CURRENT_PROJECT_VERSION = 1;
				DEVELOPMENT_TEAM = 7AZ93CK4F6;
				GENERATE_INFOPLIST_FILE = YES;
				MACOSX_DEPLOYMENT_TARGET = 13.3;
				MARKETING_VERSION = 1.0;
				PRODUCT_BUNDLE_IDENTIFIER = com.appiwedia.apps.LeagueTeamsCleanTests;
				PRODUCT_NAME = "$(TARGET_NAME)";
				SUPPORTED_PLATFORMS = "iphoneos iphonesimulator";
				SUPPORTS_MACCATALYST = NO;
				SUPPORTS_MAC_DESIGNED_FOR_IPHONE_IPAD = NO;
				SWIFT_EMIT_LOC_STRINGS = NO;
				SWIFT_VERSION = 5.0;
				TARGETED_DEVICE_FAMILY = 1;
				TEST_HOST = "$(BUILT_PRODUCTS_DIR)/LeagueTeamsClean.app/$(BUNDLE_EXECUTABLE_FOLDER_PATH)/LeagueTeamsClean";
			};
			name = Release;
		};
/* End XCBuildConfiguration section */

/* Begin XCConfigurationList section */
		308B10A92ACF4DF800D450FD /* Build configuration list for PBXProject "LeagueTeamsClean" */ = {
			isa = XCConfigurationList;
			buildConfigurations = (
				308B10D12ACF4DF900D450FD /* Debug */,
				308B10D22ACF4DF900D450FD /* Release */,
			);
			defaultConfigurationIsVisible = 0;
			defaultConfigurationName = Release;
		};
		308B10D32ACF4DF900D450FD /* Build configuration list for PBXNativeTarget "LeagueTeamsClean" */ = {
			isa = XCConfigurationList;
			buildConfigurations = (
				308B10D42ACF4DF900D450FD /* Debug */,
				308B10D52ACF4DF900D450FD /* Release */,
			);
			defaultConfigurationIsVisible = 0;
			defaultConfigurationName = Release;
		};
		308B10D62ACF4DF900D450FD /* Build configuration list for PBXNativeTarget "LeagueTeamsCleanTests" */ = {
			isa = XCConfigurationList;
			buildConfigurations = (
				308B10D72ACF4DF900D450FD /* Debug */,
				308B10D82ACF4DF900D450FD /* Release */,
			);
			defaultConfigurationIsVisible = 0;
			defaultConfigurationName = Release;
		};
/* End XCConfigurationList section */

/* Begin XCSwiftPackageProductDependency section */
		306BD8C72AD2A26000F6751B /* LeagueTeamsCleanNetworking */ = {
			isa = XCSwiftPackageProductDependency;
			productName = LeagueTeamsCleanNetworking;
		};
/* End XCSwiftPackageProductDependency section */
	};
	rootObject = 308B10A62ACF4DF800D450FD /* Project object */;
}
